
Microsoft Visual Studio Solution File, Format Version 12.00
# Visual Studio 15
VisualStudioVersion = 15.0.27703.2047
MinimumVisualStudioVersion = 10.0.40219.1
Project("{FAE04EC0-301F-11D3-BF4B-00C04F79EFBC}") = "HelloWorld", "HelloWorld\HelloWorld.csproj", "{E8F41320-D27F-45FF-9B15-1D134DE58558}"
EndProject
Project("{FAE04EC0-301F-11D3-BF4B-00C04F79EFBC}") = "HelloWorldTest", "HelloWorldTest\HelloWorldTest.csproj", "{96007A99-2698-428D-B636-B4B22EFD5FD3}"
EndProject
Global
	GlobalSection(SolutionConfigurationPlatforms) = preSolution
		Debug|Any CPU = Debug|Any CPU
		Release|Any CPU = Release|Any CPU
	EndGlobalSection
	GlobalSection(ProjectConfigurationPlatforms) = postSolution
		{E8F41320-D27F-45FF-9B15-1D134DE58558}.Debug|Any CPU.ActiveCfg = Debug|Any CPU
		{E8F41320-D27F-45FF-9B15-1D134DE58558}.Debug|Any CPU.Build.0 = Debug|Any CPU
		{E8F41320-D27F-45FF-9B15-1D134DE58558}.Release|Any CPU.ActiveCfg = Release|Any CPU
		{E8F41320-D27F-45FF-9B15-1D134DE58558}.Release|Any CPU.Build.0 = Release|Any CPU
		{96007A99-2698-428D-B636-B4B22EFD5FD3}.Debug|Any CPU.ActiveCfg = Debug|Any CPU
		{96007A99-2698-428D-B636-B4B22EFD5FD3}.Debug|Any CPU.Build.0 = Debug|Any CPU
		{96007A99-2698-428D-B636-B4B22EFD5FD3}.Release|Any CPU.ActiveCfg = Release|Any CPU
		{96007A99-2698-428D-B636-B4B22EFD5FD3}.Release|Any CPU.Build.0 = Release|Any CPU
	EndGlobalSection
	GlobalSection(SolutionProperties) = preSolution
		HideSolutionNode = FALSE
	EndGlobalSection
	GlobalSection(ExtensibilityGlobals) = postSolution
		SolutionGuid = {05D1FC02-C89B-498A-98A6-08C32F893A60}
	EndGlobalSection
EndGlobal
